<?xml version="1.0" encoding="utf-8"?>
<Project ToolsVersion="4.0" xmlns="http://schemas.microsoft.com/developer/msbuild/2003">
  <ItemGroup>
    <Filter Include="Source Files">
      <UniqueIdentifier>{4FC737F1-C7A5-4376-A066-2A32D752A2FF}</UniqueIdentifier>
      <Extensions>cpp;c;cc;cxx;def;odl;idl;hpj;bat;asm;asmx</Extensions>
    </Filter>
    <Filter Include="Header Files">
      <UniqueIdentifier>{93995380-89BD-4b04-88EB-625FBE52EBFB}</UniqueIdentifier>
      <Extensions>h;hpp;hxx;hm;inl;inc;xsd</Extensions>
    </Filter>
    <Filter Include="Source Files\unitTest">
      <UniqueIdentifier>{ba4882e1-3b1e-48af-b844-3f154a9feca0}</UniqueIdentifier>
    </Filter>
    <Filter Include="Header Files\gtest">
      <UniqueIdentifier>{300a73c4-af4f-405a-af94-17a9c7535e7f}</UniqueIdentifier>
    </Filter>
    <Filter Include="Header Files\cgProgram">
      <UniqueIdentifier>{8305bd6c-b4cd-495b-8d16-9670dbe6ea23}</UniqueIdentifier>
    </Filter>
    <Filter Include="Header Files\transform">
      <UniqueIdentifier>{5cc0f669-6440-45f8-9c0f-2f9c968faa0f}</UniqueIdentifier>
    </Filter>
    <Filter Include="Source Files\CgProgram">
      <UniqueIdentifier>{11bb0aea-134c-4394-bc37-0288397f9f30}</UniqueIdentifier>
    </Filter>
  </ItemGroup>
  <ItemGroup>
    <ClCompile Include="Vector4f.cpp">
      <Filter>Source Files</Filter>
    </ClCompile>
    <ClCompile Include="Camera.cpp">
      <Filter>Source Files</Filter>
    </ClCompile>
    <ClCompile Include="Matrix.cpp">
      <Filter>Source Files</Filter>
    </ClCompile>
    <ClCompile Include="renderFramework.cpp">
      <Filter>Source Files</Filter>
    </ClCompile>
    <ClCompile Include="Transform.cpp">
      <Filter>Source Files</Filter>
    </ClCompile>
    <ClCompile Include="unitTest.cpp">
      <Filter>Source Files\unitTest</Filter>
    </ClCompile>
    <ClCompile Include="Constants.cpp">
      <Filter>Source Files</Filter>
    </ClCompile>
    <ClCompile Include="Vector3f.cpp">
      <Filter>Source Files</Filter>
    </ClCompile>
    <ClCompile Include="GlutWrapper.cpp">
      <Filter>Source Files</Filter>
    </ClCompile>
    <ClCompile Include="Cgviewer.cpp">
      <Filter>Source Files</Filter>
    </ClCompile>
    <ClCompile Include="VertShader.cpp">
      <Filter>Source Files\CgProgram</Filter>
    </ClCompile>
    <ClCompile Include="BaseShader.cpp">
      <Filter>Source Files\CgProgram</Filter>
    </ClCompile>
    <ClCompile Include="CgLog.cpp">
      <Filter>Source Files</Filter>
    </ClCompile>
  </ItemGroup>
  <ItemGroup>
    <ClInclude Include="cgProgParams.h">
      <Filter>Header Files</Filter>
    </ClInclude>
    <ClInclude Include="Constants.h">
      <Filter>Header Files</Filter>
    </ClInclude>
    <ClInclude Include="MatrixGtest.h">
      <Filter>Header Files\gtest</Filter>
    </ClInclude>
    <ClInclude Include="VectorGtest.h">
      <Filter>Header Files\gtest</Filter>
    </ClInclude>
    <ClInclude Include="CameraGtest.h">
      <Filter>Header Files\gtest</Filter>
    </ClInclude>
    <ClInclude Include="GtestBase.h">
      <Filter>Header Files\gtest</Filter>
    </ClInclude>
    <ClInclude Include="TransformGtest.h">
      <Filter>Header Files\gtest</Filter>
    </ClInclude>
    <ClInclude Include="CgLog.h">
      <Filter>Header Files\cgProgram</Filter>
    </ClInclude>
    <ClInclude Include="BaseShader.h">
      <Filter>Header Files\cgProgram</Filter>
    </ClInclude>
    <ClInclude Include="CgViewer.h">
      <Filter>Header Files</Filter>
    </ClInclude>
    <ClInclude Include="Vector4f.h">
      <Filter>Header Files\transform</Filter>
    </ClInclude>
    <ClInclude Include="Vector3f.h">
      <Filter>Header Files\transform</Filter>
    </ClInclude>
    <ClInclude Include="Transform.h">
      <Filter>Header Files\transform</Filter>
    </ClInclude>
    <ClInclude Include="Mesh.h">
      <Filter>Header Files\transform</Filter>
    </ClInclude>
    <ClInclude Include="Matrix.h">
      <Filter>Header Files\transform</Filter>
    </ClInclude>
    <ClInclude Include="MathUtil.h">
      <Filter>Header Files\transform</Filter>
    </ClInclude>
    <ClInclude Include="Camera.h">
      <Filter>Header Files\transform</Filter>
    </ClInclude>
    <ClInclude Include="CgUtil.h">
      <Filter>Header Files\cgProgram</Filter>
    </ClInclude>
    <ClInclude Include="GlutWrapper.h">
      <Filter>Header Files</Filter>
    </ClInclude>
    <ClInclude Include="CgParametersBase.h">
      <Filter>Header Files\cgProgram</Filter>
    </ClInclude>
  </ItemGroup>
  <ItemGroup>
    <None Include="frag.cg" />
    <None Include="vert.cg" />
  </ItemGroup>
</Project>