<?xml version="1.0" encoding="utf-8"?>
<Project ToolsVersion="4.0" xmlns="http://schemas.microsoft.com/developer/msbuild/2003">
  <ItemGroup>
    <Filter Include="Source Files">
      <UniqueIdentifier>{4FC737F1-C7A5-4376-A066-2A32D752A2FF}</UniqueIdentifier>
      <Extensions>cpp;c;cc;cxx;def;odl;idl;hpj;bat;asm;asmx</Extensions>
    </Filter>
    <Filter Include="Header Files">
      <UniqueIdentifier>{93995380-89BD-4b04-88EB-625FBE52EBFB}</UniqueIdentifier>
      <Extensions>h;hpp;hxx;hm;inl;inc;xsd</Extensions>
    </Filter>
    <Filter Include="Header Files\cgProgram">
      <UniqueIdentifier>{8305bd6c-b4cd-495b-8d16-9670dbe6ea23}</UniqueIdentifier>
    </Filter>
    <Filter Include="Source Files\CgProgram">
      <UniqueIdentifier>{11bb0aea-134c-4394-bc37-0288397f9f30}</UniqueIdentifier>
    </Filter>
    <Filter Include="Source Files\example">
      <UniqueIdentifier>{956bb4c9-7dad-489f-bfba-993317ae6ac6}</UniqueIdentifier>
    </Filter>
    <Filter Include="Header Files\example">
      <UniqueIdentifier>{e42c59b0-da71-4b1f-be6b-d227681c6fc2}</UniqueIdentifier>
    </Filter>
    <Filter Include="Header Files\example\HalfVectorInVert">
      <UniqueIdentifier>{538fbe49-a138-4837-95e1-d658e7cab857}</UniqueIdentifier>
    </Filter>
    <Filter Include="Source Files\example\HalfVectorInVert">
      <UniqueIdentifier>{2b838ffb-33ee-4348-be9a-739201d96122}</UniqueIdentifier>
    </Filter>
    <Filter Include="Header Files\example\TextureSampling">
      <UniqueIdentifier>{3501e5c5-1af8-4fce-9f01-3dd964f536dd}</UniqueIdentifier>
    </Filter>
    <Filter Include="Source Files\example\TextureSampling">
      <UniqueIdentifier>{85aa803f-56bf-435b-96c6-0a076a97fdb9}</UniqueIdentifier>
    </Filter>
    <Filter Include="Source Files\CoreUtil">
      <UniqueIdentifier>{a5bdd92d-9354-469b-ad4d-cfaca9824f30}</UniqueIdentifier>
    </Filter>
    <Filter Include="Header Files\CoreUtil">
      <UniqueIdentifier>{a3410668-63b5-4f58-9eaa-d38e737cb4f6}</UniqueIdentifier>
    </Filter>
    <Filter Include="Source Files\UnitTest">
      <UniqueIdentifier>{9f3f6142-69cf-4aa0-aa8f-c732208d7a04}</UniqueIdentifier>
    </Filter>
    <Filter Include="Header Files\UnitTest">
      <UniqueIdentifier>{71912b60-2b4c-4866-b51b-25b34f6a7171}</UniqueIdentifier>
    </Filter>
    <Filter Include="Source Files\example\TwoTextureAccess">
      <UniqueIdentifier>{0609b0a8-377e-46c5-9f6f-04455ec28c14}</UniqueIdentifier>
    </Filter>
    <Filter Include="Header Files\example\TwoTextureAccess">
      <UniqueIdentifier>{ee20dd7e-99a2-4979-b4ed-e577978a6a41}</UniqueIdentifier>
    </Filter>
    <Filter Include="Source Files\example\TwoLightsWithStruct">
      <UniqueIdentifier>{a12da696-0bfe-4fd9-94f3-b58d199ebaf9}</UniqueIdentifier>
    </Filter>
    <Filter Include="Header Files\example\TwoLightsWithStruct">
      <UniqueIdentifier>{9b359ac6-75ea-420f-8fae-fb61c1e20a2e}</UniqueIdentifier>
    </Filter>
    <Filter Include="Header Files\example\atte">
      <UniqueIdentifier>{3da14e08-eb53-48a7-a2c5-a899af006649}</UniqueIdentifier>
    </Filter>
  </ItemGroup>
  <ItemGroup>
    <ClCompile Include="src\cgWrapper\CgLog.cpp">
      <Filter>Source Files\CgProgram</Filter>
    </ClCompile>
    <ClCompile Include="src\cgWrapper\CgShader.cpp">
      <Filter>Source Files\CgProgram</Filter>
    </ClCompile>
    <ClCompile Include="src\cgWrapper\CgShaderParametersBase.cpp">
      <Filter>Source Files\CgProgram</Filter>
    </ClCompile>
    <ClCompile Include="src\example\HalfVectorInVert\HalfVectorFsParam.cpp">
      <Filter>Source Files\example\HalfVectorInVert</Filter>
    </ClCompile>
    <ClCompile Include="src\example\HalfVectorInVert\HalfVectorInVert.cpp">
      <Filter>Source Files\example\HalfVectorInVert</Filter>
    </ClCompile>
    <ClCompile Include="src\example\HalfVectorInVert\HalfVectorVsParam.cpp">
      <Filter>Source Files\example\HalfVectorInVert</Filter>
    </ClCompile>
    <ClCompile Include="src\example\TextureSampling\TextureSampling.cpp">
      <Filter>Source Files\example\TextureSampling</Filter>
    </ClCompile>
    <ClCompile Include="src\coreUtil\Camera.cpp">
      <Filter>Source Files\CoreUtil</Filter>
    </ClCompile>
    <ClCompile Include="src\coreUtil\Constants.cpp">
      <Filter>Source Files\CoreUtil</Filter>
    </ClCompile>
    <ClCompile Include="src\coreUtil\Matrix.cpp">
      <Filter>Source Files\CoreUtil</Filter>
    </ClCompile>
    <ClCompile Include="src\coreUtil\Mesh.cpp">
      <Filter>Source Files\CoreUtil</Filter>
    </ClCompile>
    <ClCompile Include="src\coreUtil\Transform.cpp">
      <Filter>Source Files\CoreUtil</Filter>
    </ClCompile>
    <ClCompile Include="src\coreUtil\Vector3f.cpp">
      <Filter>Source Files\CoreUtil</Filter>
    </ClCompile>
    <ClCompile Include="src\coreUtil\Vector4f.cpp">
      <Filter>Source Files\CoreUtil</Filter>
    </ClCompile>
    <ClCompile Include="src\unitTest\unitTest.cpp">
      <Filter>Source Files\UnitTest</Filter>
    </ClCompile>
    <ClCompile Include="src\Crayon.cpp">
      <Filter>Source Files</Filter>
    </ClCompile>
    <ClCompile Include="src\GlutWrapper.cpp">
      <Filter>Source Files</Filter>
    </ClCompile>
    <ClCompile Include="src\renderFramework.cpp">
      <Filter>Source Files</Filter>
    </ClCompile>
    <ClCompile Include="src\example\TextureSampling\TextureSamplingFsParam.cpp">
      <Filter>Source Files\example\TextureSampling</Filter>
    </ClCompile>
    <ClCompile Include="src\example\TextureSampling\TextureSamplingVsParam.cpp">
      <Filter>Source Files\example\TextureSampling</Filter>
    </ClCompile>
    <ClCompile Include="src\example\TwoTextureAccess\TwoTextureAccess.cpp">
      <Filter>Source Files\example\TwoTextureAccess</Filter>
    </ClCompile>
    <ClCompile Include="src\example\TwoTextureAccess\TwoTextureAccessFsParam.cpp">
      <Filter>Source Files\example\TwoTextureAccess</Filter>
    </ClCompile>
    <ClCompile Include="src\example\TwoTextureAccess\TwoTextureAccessVsParam.cpp">
      <Filter>Source Files\example\TwoTextureAccess</Filter>
    </ClCompile>
    <ClCompile Include="src\example\TwoLightsWithStruct\TwoLightsWithStruct.cpp">
      <Filter>Source Files\example\TwoLightsWithStruct</Filter>
    </ClCompile>
    <ClCompile Include="src\example\TwoLightsWithStruct\TwoLightsWithStructVsParam.cpp">
      <Filter>Source Files\example\TwoLightsWithStruct</Filter>
    </ClCompile>
    <ClCompile Include="src\example\TwoLightsWithStruct\TwoLightsWithStructFsParamcpp.cpp">
      <Filter>Source Files\example\TwoLightsWithStruct</Filter>
    </ClCompile>
  </ItemGroup>
  <ItemGroup>
    <ClInclude Include="src\cgWrapper\CgLog.h">
      <Filter>Header Files\cgProgram</Filter>
    </ClInclude>
    <ClInclude Include="src\cgWrapper\CgShader.h">
      <Filter>Header Files\cgProgram</Filter>
    </ClInclude>
    <ClInclude Include="src\cgWrapper\CgShaderParametersBase.h">
      <Filter>Header Files\cgProgram</Filter>
    </ClInclude>
    <ClInclude Include="src\example\HalfVectorInVert\HalfVectorFsParam.h">
      <Filter>Header Files\example\HalfVectorInVert</Filter>
    </ClInclude>
    <ClInclude Include="src\example\HalfVectorInVert\HalfVectorInVert.h">
      <Filter>Header Files\example\HalfVectorInVert</Filter>
    </ClInclude>
    <ClInclude Include="src\example\HalfVectorInVert\HalfVectorVsParam.h">
      <Filter>Header Files\example\HalfVectorInVert</Filter>
    </ClInclude>
    <ClInclude Include="src\example\TextureSampling\TextureSampling.h">
      <Filter>Header Files\example\TextureSampling</Filter>
    </ClInclude>
    <ClInclude Include="src\GlutWrapper.h">
      <Filter>Header Files</Filter>
    </ClInclude>
    <ClInclude Include="src\coreUtil\Camera.h">
      <Filter>Header Files\CoreUtil</Filter>
    </ClInclude>
    <ClInclude Include="src\coreUtil\Constants.h">
      <Filter>Header Files\CoreUtil</Filter>
    </ClInclude>
    <ClInclude Include="src\coreUtil\MathUtil.h">
      <Filter>Header Files\CoreUtil</Filter>
    </ClInclude>
    <ClInclude Include="src\coreUtil\Matrix.h">
      <Filter>Header Files\CoreUtil</Filter>
    </ClInclude>
    <ClInclude Include="src\coreUtil\Mesh.h">
      <Filter>Header Files\CoreUtil</Filter>
    </ClInclude>
    <ClInclude Include="src\coreUtil\Transform.h">
      <Filter>Header Files\CoreUtil</Filter>
    </ClInclude>
    <ClInclude Include="src\coreUtil\Vector3f.h">
      <Filter>Header Files\CoreUtil</Filter>
    </ClInclude>
    <ClInclude Include="src\coreUtil\Vector4f.h">
      <Filter>Header Files\CoreUtil</Filter>
    </ClInclude>
    <ClInclude Include="src\unitTest\CameraGtest.h">
      <Filter>Header Files\UnitTest</Filter>
    </ClInclude>
    <ClInclude Include="src\unitTest\GtestBase.h">
      <Filter>Header Files\UnitTest</Filter>
    </ClInclude>
    <ClInclude Include="src\unitTest\TransformGtest.h">
      <Filter>Header Files\UnitTest</Filter>
    </ClInclude>
    <ClInclude Include="src\unitTest\VectorGtest.h">
      <Filter>Header Files\UnitTest</Filter>
    </ClInclude>
    <ClInclude Include="src\unitTest\MatrixGtest.h">
      <Filter>Header Files\UnitTest</Filter>
    </ClInclude>
    <ClInclude Include="src\example\TextureSampling\TextureSamplingVsParam.h">
      <Filter>Header Files\example\TextureSampling</Filter>
    </ClInclude>
    <ClInclude Include="src\example\TextureSampling\TextureSamplingFsParam.h">
      <Filter>Header Files\example\TextureSampling</Filter>
    </ClInclude>
    <ClInclude Include="src\demon_image.h">
      <Filter>Header Files</Filter>
    </ClInclude>
    <ClInclude Include="src\example\TwoTextureAccess\TwoTextureAccess.h">
      <Filter>Header Files\example\TwoTextureAccess</Filter>
    </ClInclude>
    <ClInclude Include="src\example\TwoTextureAccess\TwoTextureAccessFsParam.h">
      <Filter>Header Files\example\TwoTextureAccess</Filter>
    </ClInclude>
    <ClInclude Include="src\example\TwoTextureAccess\TwoTextureAccessVsParam.h">
      <Filter>Header Files\example\TwoTextureAccess</Filter>
    </ClInclude>
    <ClInclude Include="src\example\TwoLightsWithStruct\TwoLightsWithStruct.h">
      <Filter>Header Files\example\TwoLightsWithStruct</Filter>
    </ClInclude>
    <ClInclude Include="src\example\TwoLightsWithStruct\TwoLightsWithStructVsParam.h">
      <Filter>Header Files\example\TwoLightsWithStruct</Filter>
    </ClInclude>
    <ClInclude Include="src\example\TwoLightsWithStruct\TwoLightsWithStructFsParam.h">
      <Filter>Header Files\example\TwoLightsWithStruct</Filter>
    </ClInclude>
    <ClInclude Include="src\coreUtil\Material.h">
      <Filter>Header Files\CoreUtil</Filter>
    </ClInclude>
  </ItemGroup>
  <ItemGroup>
    <None Include="src\example\HalfVectorInVert\HalfVectorInVert_F.cg">
      <Filter>Source Files\example\HalfVectorInVert</Filter>
    </None>
    <None Include="src\example\HalfVectorInVert\HalfVectorInVert_V.cg">
      <Filter>Source Files\example\HalfVectorInVert</Filter>
    </None>
    <None Include="src\example\TextureSampling\TextureSampling_F.cg">
      <Filter>Source Files\example\TextureSampling</Filter>
    </None>
    <None Include="src\example\TextureSampling\TextureSampling_V.cg">
      <Filter>Source Files\example\TextureSampling</Filter>
    </None>
    <None Include="src\example\TwoTextureAccess\TwoTextureAccess_V.cg">
      <Filter>Source Files\example\TwoTextureAccess</Filter>
    </None>
    <None Include="src\example\TwoTextureAccess\TwoTextureAccess_F.cg">
      <Filter>Source Files\example\TwoTextureAccess</Filter>
    </None>
    <None Include="src\example\TwoLightsWithStruct\TwoLightsWithStruct_V.cg">
      <Filter>Source Files\example\TwoLightsWithStruct</Filter>
    </None>
    <None Include="src\example\TwoLightsWithStruct\TwoLightsWithStruct_F.cg">
      <Filter>Source Files\example\TwoLightsWithStruct</Filter>
    </None>
  </ItemGroup>
</Project>